
Microsoft Visual Studio Solution File, Format Version 12.00
# Visual Studio Version 16
VisualStudioVersion = 16.0.30225.117
MinimumVisualStudioVersion = 10.0.40219.1
Project("{FAE04EC0-301F-11D3-BF4B-00C04F79EFBC}") = "BooksClaroApp", "BooksClaroApp\BooksClaroApp.csproj", "{45360F15-E126-4603-ABC0-2FAC62ECFC3F}"
EndProject
Global
	GlobalSection(SolutionConfigurationPlatforms) = preSolution
		Debug|Any CPU = Debug|Any CPU
		Release|Any CPU = Release|Any CPU
	EndGlobalSection
	GlobalSection(ProjectConfigurationPlatforms) = postSolution
		{45360F15-E126-4603-ABC0-2FAC62ECFC3F}.Debug|Any CPU.ActiveCfg = Debug|Any CPU
		{45360F15-E126-4603-ABC0-2FAC62ECFC3F}.Debug|Any CPU.Build.0 = Debug|Any CPU
		{45360F15-E126-4603-ABC0-2FAC62ECFC3F}.Release|Any CPU.ActiveCfg = Release|Any CPU
		{45360F15-E126-4603-ABC0-2FAC62ECFC3F}.Release|Any CPU.Build.0 = Release|Any CPU
	EndGlobalSection
	GlobalSection(SolutionProperties) = preSolution
		HideSolutionNode = FALSE
	EndGlobalSection
	GlobalSection(ExtensibilityGlobals) = postSolution
		SolutionGuid = {802772E5-AF85-4900-A0B4-775B67EF6CE8}
	EndGlobalSection
EndGlobal
